
Microsoft Visual Studio Solution File, Format Version 12.00
# Visual Studio Version 16
VisualStudioVersion = 16.0.28803.156
MinimumVisualStudioVersion = 10.0.40219.1
Project("{9A19103F-16F7-4668-BE54-9A1E7A4F7556}") = "Nodexr", "Nodexr\Nodexr.csproj", "{061BD0DD-860F-4748-A647-287C46D449D9}"
EndProject
Project("{9A19103F-16F7-4668-BE54-9A1E7A4F7556}") = "Nodexr.Tests", "Nodexr.Tests\Nodexr.Tests.csproj", "{E060746D-7469-4FB9-A9C2-BDA3465875B1}"
EndProject
Project("{9A19103F-16F7-4668-BE54-9A1E7A4F7556}") = "Nodexr.ApiFunctions", "Nodexr.ApiFunctions\Nodexr.ApiFunctions.csproj", "{B1EA28C7-D162-4B83-9670-E847492E1007}"
EndProject
Project("{9A19103F-16F7-4668-BE54-9A1E7A4F7556}") = "Nodexr.ApiShared", "Nodexr.ApiShared\Nodexr.ApiShared.csproj", "{5F8D5439-8F14-45C9-9388-8A59443C1843}"
EndProject
Global
	GlobalSection(SolutionConfigurationPlatforms) = preSolution
		Debug|Any CPU = Debug|Any CPU
		Release|Any CPU = Release|Any CPU
	EndGlobalSection
	GlobalSection(ProjectConfigurationPlatforms) = postSolution
		{061BD0DD-860F-4748-A647-287C46D449D9}.Debug|Any CPU.ActiveCfg = Debug|Any CPU
		{061BD0DD-860F-4748-A647-287C46D449D9}.Debug|Any CPU.Build.0 = Debug|Any CPU
		{061BD0DD-860F-4748-A647-287C46D449D9}.Release|Any CPU.ActiveCfg = Release|Any CPU
		{061BD0DD-860F-4748-A647-287C46D449D9}.Release|Any CPU.Build.0 = Release|Any CPU
		{E060746D-7469-4FB9-A9C2-BDA3465875B1}.Debug|Any CPU.ActiveCfg = Debug|Any CPU
		{E060746D-7469-4FB9-A9C2-BDA3465875B1}.Debug|Any CPU.Build.0 = Debug|Any CPU
		{E060746D-7469-4FB9-A9C2-BDA3465875B1}.Release|Any CPU.ActiveCfg = Release|Any CPU
		{E060746D-7469-4FB9-A9C2-BDA3465875B1}.Release|Any CPU.Build.0 = Release|Any CPU
		{B1EA28C7-D162-4B83-9670-E847492E1007}.Debug|Any CPU.ActiveCfg = Debug|Any CPU
		{B1EA28C7-D162-4B83-9670-E847492E1007}.Debug|Any CPU.Build.0 = Debug|Any CPU
		{B1EA28C7-D162-4B83-9670-E847492E1007}.Release|Any CPU.ActiveCfg = Release|Any CPU
		{B1EA28C7-D162-4B83-9670-E847492E1007}.Release|Any CPU.Build.0 = Release|Any CPU
		{5F8D5439-8F14-45C9-9388-8A59443C1843}.Debug|Any CPU.ActiveCfg = Debug|Any CPU
		{5F8D5439-8F14-45C9-9388-8A59443C1843}.Debug|Any CPU.Build.0 = Debug|Any CPU
		{5F8D5439-8F14-45C9-9388-8A59443C1843}.Release|Any CPU.ActiveCfg = Release|Any CPU
		{5F8D5439-8F14-45C9-9388-8A59443C1843}.Release|Any CPU.Build.0 = Release|Any CPU
	EndGlobalSection
	GlobalSection(SolutionProperties) = preSolution
		HideSolutionNode = FALSE
	EndGlobalSection
	GlobalSection(ExtensibilityGlobals) = postSolution
		SolutionGuid = {93C7B036-9E55-46A2-AEC6-E8A441068197}
	EndGlobalSection
EndGlobal
